
Microsoft Visual Studio Solution File, Format Version 12.00
# Visual Studio 15
VisualStudioVersion = 15.0.27703.2035
MinimumVisualStudioVersion = 10.0.40219.1
Project("{FAE04EC0-301F-11D3-BF4B-00C04F79EFBC}") = "TRSBackEnd", "TRSBackEnd\TRSBackEnd.csproj", "{EC74D143-32BA-4E46-AF92-2B3E59D9ED84}"
EndProject
Project("{FAE04EC0-301F-11D3-BF4B-00C04F79EFBC}") = "Repository", "Repository\Repository.csproj", "{1930ED71-28DD-433F-83A3-ED31704B375E}"
EndProject
Global
	GlobalSection(SolutionConfigurationPlatforms) = preSolution
		Debug|Any CPU = Debug|Any CPU
		Release|Any CPU = Release|Any CPU
	EndGlobalSection
	GlobalSection(ProjectConfigurationPlatforms) = postSolution
		{EC74D143-32BA-4E46-AF92-2B3E59D9ED84}.Debug|Any CPU.ActiveCfg = Debug|Any CPU
		{EC74D143-32BA-4E46-AF92-2B3E59D9ED84}.Debug|Any CPU.Build.0 = Debug|Any CPU
		{EC74D143-32BA-4E46-AF92-2B3E59D9ED84}.Release|Any CPU.ActiveCfg = Release|Any CPU
		{EC74D143-32BA-4E46-AF92-2B3E59D9ED84}.Release|Any CPU.Build.0 = Release|Any CPU
		{1930ED71-28DD-433F-83A3-ED31704B375E}.Debug|Any CPU.ActiveCfg = Debug|Any CPU
		{1930ED71-28DD-433F-83A3-ED31704B375E}.Debug|Any CPU.Build.0 = Debug|Any CPU
		{1930ED71-28DD-433F-83A3-ED31704B375E}.Release|Any CPU.ActiveCfg = Release|Any CPU
		{1930ED71-28DD-433F-83A3-ED31704B375E}.Release|Any CPU.Build.0 = Release|Any CPU
	EndGlobalSection
	GlobalSection(SolutionProperties) = preSolution
		HideSolutionNode = FALSE
	EndGlobalSection
	GlobalSection(ExtensibilityGlobals) = postSolution
		SolutionGuid = {C51D1C75-3D7E-43E3-B905-F6B764B39F4C}
	EndGlobalSection
EndGlobal
